// !$*UTF8*$!
{
	archiveVersion = 1;
	classes = {
	};
	objectVersion = 56;
	objects = {

/* Begin PBXBuildFile section */
		4804720029A80566004B4324 /* PosterViewController.swift in Sources */ = {isa = PBXBuildFile; fileRef = 480471FF29A80566004B4324 /* PosterViewController.swift */; };
		4804720229A80852004B4324 /* PosterCell.swift in Sources */ = {isa = PBXBuildFile; fileRef = 4804720129A80852004B4324 /* PosterCell.swift */; };
		4804720429A816AE004B4324 /* walkthrough.gif in Resources */ = {isa = PBXBuildFile; fileRef = 4804720329A816AE004B4324 /* walkthrough.gif */; };
		4853F8D5299C27EB007BE490 /* AppDelegate.swift in Sources */ = {isa = PBXBuildFile; fileRef = 4853F8D4299C27EB007BE490 /* AppDelegate.swift */; };
		4853F8D7299C27EB007BE490 /* SceneDelegate.swift in Sources */ = {isa = PBXBuildFile; fileRef = 4853F8D6299C27EB007BE490 /* SceneDelegate.swift */; };
		4853F8D9299C27EB007BE490 /* ViewController.swift in Sources */ = {isa = PBXBuildFile; fileRef = 4853F8D8299C27EB007BE490 /* ViewController.swift */; };
		4853F8DC299C27EB007BE490 /* Main.storyboard in Resources */ = {isa = PBXBuildFile; fileRef = 4853F8DA299C27EB007BE490 /* Main.storyboard */; };
		4853F8DE299C27EC007BE490 /* Assets.xcassets in Resources */ = {isa = PBXBuildFile; fileRef = 4853F8DD299C27EC007BE490 /* Assets.xcassets */; };
		4853F8E1299C27EC007BE490 /* LaunchScreen.storyboard in Resources */ = {isa = PBXBuildFile; fileRef = 4853F8DF299C27EC007BE490 /* LaunchScreen.storyboard */; };
		4853F8EC299C2B24007BE490 /* Movie.swift in Sources */ = {isa = PBXBuildFile; fileRef = 4853F8EB299C2B24007BE490 /* Movie.swift */; };
		4853F8EF299C32D8007BE490 /* Nuke in Frameworks */ = {isa = PBXBuildFile; productRef = 4853F8EE299C32D8007BE490 /* Nuke */; };
		4853F8F1299C330D007BE490 /* MovieCell.swift in Sources */ = {isa = PBXBuildFile; fileRef = 4853F8F0299C330D007BE490 /* MovieCell.swift */; };
		48F821F9299ECB8100233870 /* DetailViewController.swift in Sources */ = {isa = PBXBuildFile; fileRef = 48F821F8299ECB8100233870 /* DetailViewController.swift */; };
		48F821FB299F02FC00233870 /* readme.md in Resources */ = {isa = PBXBuildFile; fileRef = 48F821FA299F02FC00233870 /* readme.md */; };
/* End PBXBuildFile section */

/* Begin PBXFileReference section */
		480471FF29A80566004B4324 /* PosterViewController.swift */ = {isa = PBXFileReference; lastKnownFileType = sourcecode.swift; path = PosterViewController.swift; sourceTree = "<group>"; };
		4804720129A80852004B4324 /* PosterCell.swift */ = {isa = PBXFileReference; lastKnownFileType = sourcecode.swift; path = PosterCell.swift; sourceTree = "<group>"; };
		4804720329A816AE004B4324 /* walkthrough.gif */ = {isa = PBXFileReference; lastKnownFileType = image.gif; path = walkthrough.gif; sourceTree = "<group>"; };
		4853F8D1299C27EB007BE490 /* Flixster.app */ = {isa = PBXFileReference; explicitFileType = wrapper.application; includeInIndex = 0; path = Flixster.app; sourceTree = BUILT_PRODUCTS_DIR; };
		4853F8D4299C27EB007BE490 /* AppDelegate.swift */ = {isa = PBXFileReference; lastKnownFileType = sourcecode.swift; path = AppDelegate.swift; sourceTree = "<group>"; };
		4853F8D6299C27EB007BE490 /* SceneDelegate.swift */ = {isa = PBXFileReference; lastKnownFileType = sourcecode.swift; path = SceneDelegate.swift; sourceTree = "<group>"; };
		4853F8D8299C27EB007BE490 /* ViewController.swift */ = {isa = PBXFileReference; lastKnownFileType = sourcecode.swift; path = ViewController.swift; sourceTree = "<group>"; };
		4853F8DB299C27EB007BE490 /* Base */ = {isa = PBXFileReference; lastKnownFileType = file.storyboard; name = Base; path = Base.lproj/Main.storyboard; sourceTree = "<group>"; };
		4853F8DD299C27EC007BE490 /* Assets.xcassets */ = {isa = PBXFileReference; lastKnownFileType = folder.assetcatalog; path = Assets.xcassets; sourceTree = "<group>"; };
		4853F8E0299C27EC007BE490 /* Base */ = {isa = PBXFileReference; lastKnownFileType = file.storyboard; name = Base; path = Base.lproj/LaunchScreen.storyboard; sourceTree = "<group>"; };
		4853F8E2299C27EC007BE490 /* Info.plist */ = {isa = PBXFileReference; lastKnownFileType = text.plist.xml; path = Info.plist; sourceTree = "<group>"; };
		4853F8EB299C2B24007BE490 /* Movie.swift */ = {isa = PBXFileReference; lastKnownFileType = sourcecode.swift; path = Movie.swift; sourceTree = "<group>"; };
		4853F8F0299C330D007BE490 /* MovieCell.swift */ = {isa = PBXFileReference; lastKnownFileType = sourcecode.swift; path = MovieCell.swift; sourceTree = "<group>"; };
		48F821F8299ECB8100233870 /* DetailViewController.swift */ = {isa = PBXFileReference; lastKnownFileType = sourcecode.swift; path = DetailViewController.swift; sourceTree = "<group>"; };
		48F821FA299F02FC00233870 /* readme.md */ = {isa = PBXFileReference; fileEncoding = 4; lastKnownFileType = net.daringfireball.markdown; path = readme.md; sourceTree = SOURCE_ROOT; };
/* End PBXFileReference section */

/* Begin PBXFrameworksBuildPhase section */
		4853F8CE299C27EB007BE490 /* Frameworks */ = {
			isa = PBXFrameworksBuildPhase;
			buildActionMask = 2147483647;
			files = (
				4853F8EF299C32D8007BE490 /* Nuke in Frameworks */,
			);
			runOnlyForDeploymentPostprocessing = 0;
		};
/* End PBXFrameworksBuildPhase section */

/* Begin PBXGroup section */
		4853F8C8299C27EB007BE490 = {
			isa = PBXGroup;
			children = (
				4853F8D3299C27EB007BE490 /* Flixster */,
				4853F8D2299C27EB007BE490 /* Products */,
			);
			sourceTree = "<group>";
		};
		4853F8D2299C27EB007BE490 /* Products */ = {
			isa = PBXGroup;
			children = (
				4853F8D1299C27EB007BE490 /* Flixster.app */,
			);
			name = Products;
			sourceTree = "<group>";
		};
		4853F8D3299C27EB007BE490 /* Flixster */ = {
			isa = PBXGroup;
			children = (
				48F821FA299F02FC00233870 /* readme.md */,
				4853F8EA299C2B10007BE490 /* Models */,
				4853F8D4299C27EB007BE490 /* AppDelegate.swift */,
				4853F8D6299C27EB007BE490 /* SceneDelegate.swift */,
				4853F8D8299C27EB007BE490 /* ViewController.swift */,
				480471FF29A80566004B4324 /* PosterViewController.swift */,
				4853F8DA299C27EB007BE490 /* Main.storyboard */,
				4853F8DD299C27EC007BE490 /* Assets.xcassets */,
				4853F8DF299C27EC007BE490 /* LaunchScreen.storyboard */,
				4853F8E2299C27EC007BE490 /* Info.plist */,
				4853F8F0299C330D007BE490 /* MovieCell.swift */,
				4804720129A80852004B4324 /* PosterCell.swift */,
				48F821F8299ECB8100233870 /* DetailViewController.swift */,
				4804720329A816AE004B4324 /* walkthrough.gif */,
			);
			path = Flixster;
			sourceTree = "<group>";
		};
		4853F8EA299C2B10007BE490 /* Models */ = {
			isa = PBXGroup;
			children = (
				4853F8EB299C2B24007BE490 /* Movie.swift */,
			);
			path = Models;
			sourceTree = "<group>";
		};
/* End PBXGroup section */

/* Begin PBXNativeTarget section */
		4853F8D0299C27EB007BE490 /* Flixster */ = {
			isa = PBXNativeTarget;
			buildConfigurationList = 4853F8E5299C27EC007BE490 /* Build configuration list for PBXNativeTarget "Flixster" */;
			buildPhases = (
				4853F8CD299C27EB007BE490 /* Sources */,
				4853F8CE299C27EB007BE490 /* Frameworks */,
				4853F8CF299C27EB007BE490 /* Resources */,
			);
			buildRules = (
			);
			dependencies = (
			);
			name = Flixster;
			packageProductDependencies = (
				4853F8EE299C32D8007BE490 /* Nuke */,
			);
			productName = Flixster;
			productReference = 4853F8D1299C27EB007BE490 /* Flixster.app */;
			productType = "com.apple.product-type.application";
		};
/* End PBXNativeTarget section */

/* Begin PBXProject section */
		4853F8C9299C27EB007BE490 /* Project object */ = {
			isa = PBXProject;
			attributes = {
				BuildIndependentTargetsInParallel = 1;
				LastSwiftUpdateCheck = 1420;
				LastUpgradeCheck = 1420;
				TargetAttributes = {
					4853F8D0299C27EB007BE490 = {
						CreatedOnToolsVersion = 14.2;
					};
				};
			};
			buildConfigurationList = 4853F8CC299C27EB007BE490 /* Build configuration list for PBXProject "Flixster" */;
			compatibilityVersion = "Xcode 14.0";
			developmentRegion = en;
			hasScannedForEncodings = 0;
			knownRegions = (
				en,
				Base,
			);
			mainGroup = 4853F8C8299C27EB007BE490;
			packageReferences = (
				4853F8ED299C32D8007BE490 /* XCRemoteSwiftPackageReference "Nuke" */,
			);
			productRefGroup = 4853F8D2299C27EB007BE490 /* Products */;
			projectDirPath = "";
			projectRoot = "";
			targets = (
				4853F8D0299C27EB007BE490 /* Flixster */,
			);
		};
/* End PBXProject section */

/* Begin PBXResourcesBuildPhase section */
		4853F8CF299C27EB007BE490 /* Resources */ = {
			isa = PBXResourcesBuildPhase;
			buildActionMask = 2147483647;
			files = (
				4804720429A816AE004B4324 /* walkthrough.gif in Resources */,
				4853F8E1299C27EC007BE490 /* LaunchScreen.storyboard in Resources */,
				4853F8DE299C27EC007BE490 /* Assets.xcassets in Resources */,
				4853F8DC299C27EB007BE490 /* Main.storyboard in Resources */,
				48F821FB299F02FC00233870 /* readme.md in Resources */,
			);
			runOnlyForDeploymentPostprocessing = 0;
		};
/* End PBXResourcesBuildPhase section */

/* Begin PBXSourcesBuildPhase section */
		4853F8CD299C27EB007BE490 /* Sources */ = {
			isa = PBXSourcesBuildPhase;
			buildActionMask = 2147483647;
			files = (
				4804720229A80852004B4324 /* PosterCell.swift in Sources */,
				4804720029A80566004B4324 /* PosterViewController.swift in Sources */,
				4853F8D9299C27EB007BE490 /* ViewController.swift in Sources */,
				4853F8D5299C27EB007BE490 /* AppDelegate.swift in Sources */,
				4853F8EC299C2B24007BE490 /* Movie.swift in Sources */,
				48F821F9299ECB8100233870 /* DetailViewController.swift in Sources */,
				4853F8F1299C330D007BE490 /* MovieCell.swift in Sources */,
				4853F8D7299C27EB007BE490 /* SceneDelegate.swift in Sources */,
			);
			runOnlyForDeploymentPostprocessing = 0;
		};
/* End PBXSourcesBuildPhase section */

/* Begin PBXVariantGroup section */
		4853F8DA299C27EB007BE490 /* Main.storyboard */ = {
			isa = PBXVariantGroup;
			children = (
				4853F8DB299C27EB007BE490 /* Base */,
			);
			name = Main.storyboard;
			sourceTree = "<group>";
		};
		4853F8DF299C27EC007BE490 /* LaunchScreen.storyboard */ = {
			isa = PBXVariantGroup;
			children = (
				4853F8E0299C27EC007BE490 /* Base */,
			);
			name = LaunchScreen.storyboard;
			sourceTree = "<group>";
		};
/* End PBXVariantGroup section */

/* Begin XCBuildConfiguration section */
		4853F8E3299C27EC007BE490 /* Debug */ = {
			isa = XCBuildConfiguration;
			buildSettings = {
				ALWAYS_SEARCH_USER_PATHS = NO;
				CLANG_ANALYZER_NONNULL = YES;
				CLANG_ANALYZER_NUMBER_OBJECT_CONVERSION = YES_AGGRESSIVE;
				CLANG_CXX_LANGUAGE_STANDARD = "gnu++20";
				CLANG_ENABLE_MODULES = YES;
				CLANG_ENABLE_OBJC_ARC = YES;
				CLANG_ENABLE_OBJC_WEAK = YES;
				CLANG_WARN_BLOCK_CAPTURE_AUTORELEASING = YES;
				CLANG_WARN_BOOL_CONVERSION = YES;
				CLANG_WARN_COMMA = YES;
				CLANG_WARN_CONSTANT_CONVERSION = YES;
				CLANG_WARN_DEPRECATED_OBJC_IMPLEMENTATIONS = YES;
				CLANG_WARN_DIRECT_OBJC_ISA_USAGE = YES_ERROR;
				CLANG_WARN_DOCUMENTATION_COMMENTS = YES;
				CLANG_WARN_EMPTY_BODY = YES;
				CLANG_WARN_ENUM_CONVERSION = YES;
				CLANG_WARN_INFINITE_RECURSION = YES;
				CLANG_WARN_INT_CONVERSION = YES;
				CLANG_WARN_NON_LITERAL_NULL_CONVERSION = YES;
				CLANG_WARN_OBJC_IMPLICIT_RETAIN_SELF = YES;
				CLANG_WARN_OBJC_LITERAL_CONVERSION = YES;
				CLANG_WARN_OBJC_ROOT_CLASS = YES_ERROR;
				CLANG_WARN_QUOTED_INCLUDE_IN_FRAMEWORK_HEADER = YES;
				CLANG_WARN_RANGE_LOOP_ANALYSIS = YES;
				CLANG_WARN_STRICT_PROTOTYPES = YES;
				CLANG_WARN_SUSPICIOUS_MOVE = YES;
				CLANG_WARN_UNGUARDED_AVAILABILITY = YES_AGGRESSIVE;
				CLANG_WARN_UNREACHABLE_CODE = YES;
				CLANG_WARN__DUPLICATE_METHOD_MATCH = YES;
				COPY_PHASE_STRIP = NO;
				DEBUG_INFORMATION_FORMAT = dwarf;
				ENABLE_STRICT_OBJC_MSGSEND = YES;
				ENABLE_TESTABILITY = YES;
				GCC_C_LANGUAGE_STANDARD = gnu11;
				GCC_DYNAMIC_NO_PIC = NO;
				GCC_NO_COMMON_BLOCKS = YES;
				GCC_OPTIMIZATION_LEVEL = 0;
				GCC_PREPROCESSOR_DEFINITIONS = (
					"DEBUG=1",
					"$(inherited)",
				);
				GCC_WARN_64_TO_32_BIT_CONVERSION = YES;
				GCC_WARN_ABOUT_RETURN_TYPE = YES_ERROR;
				GCC_WARN_UNDECLARED_SELECTOR = YES;
				GCC_WARN_UNINITIALIZED_AUTOS = YES_AGGRESSIVE;
				GCC_WARN_UNUSED_FUNCTION = YES;
				GCC_WARN_UNUSED_VARIABLE = YES;
				IPHONEOS_DEPLOYMENT_TARGET = 16.2;
				MTL_ENABLE_DEBUG_INFO = INCLUDE_SOURCE;
				MTL_FAST_MATH = YES;
				ONLY_ACTIVE_ARCH = YES;
				SDKROOT = iphoneos;
				SWIFT_ACTIVE_COMPILATION_CONDITIONS = DEBUG;
				SWIFT_OPTIMIZATION_LEVEL = "-Onone";
			};
			name = Debug;
		};
		4853F8E4299C27EC007BE490 /* Release */ = {
			isa = XCBuildConfiguration;
			buildSettings = {
				ALWAYS_SEARCH_USER_PATHS = NO;
				CLANG_ANALYZER_NONNULL = YES;
				CLANG_ANALYZER_NUMBER_OBJECT_CONVERSION = YES_AGGRESSIVE;
				CLANG_CXX_LANGUAGE_STANDARD = "gnu++20";
				CLANG_ENABLE_MODULES = YES;
				CLANG_ENABLE_OBJC_ARC = YES;
				CLANG_ENABLE_OBJC_WEAK = YES;
				CLANG_WARN_BLOCK_CAPTURE_AUTORELEASING = YES;
				CLANG_WARN_BOOL_CONVERSION = YES;
				CLANG_WARN_COMMA = YES;
				CLANG_WARN_CONSTANT_CONVERSION = YES;
				CLANG_WARN_DEPRECATED_OBJC_IMPLEMENTATIONS = YES;
				CLANG_WARN_DIRECT_OBJC_ISA_USAGE = YES_ERROR;
				CLANG_WARN_DOCUMENTATION_COMMENTS = YES;
				CLANG_WARN_EMPTY_BODY = YES;
				CLANG_WARN_ENUM_CONVERSION = YES;
				CLANG_WARN_INFINITE_RECURSION = YES;
				CLANG_WARN_INT_CONVERSION = YES;
				CLANG_WARN_NON_LITERAL_NULL_CONVERSION = YES;
				CLANG_WARN_OBJC_IMPLICIT_RETAIN_SELF = YES;
				CLANG_WARN_OBJC_LITERAL_CONVERSION = YES;
				CLANG_WARN_OBJC_ROOT_CLASS = YES_ERROR;
				CLANG_WARN_QUOTED_INCLUDE_IN_FRAMEWORK_HEADER = YES;
				CLANG_WARN_RANGE_LOOP_ANALYSIS = YES;
				CLANG_WARN_STRICT_PROTOTYPES = YES;
				CLANG_WARN_SUSPICIOUS_MOVE = YES;
				CLANG_WARN_UNGUARDED_AVAILABILITY = YES_AGGRESSIVE;
				CLANG_WARN_UNREACHABLE_CODE = YES;
				CLANG_WARN__DUPLICATE_METHOD_MATCH = YES;
				COPY_PHASE_STRIP = NO;
				DEBUG_INFORMATION_FORMAT = "dwarf-with-dsym";
				ENABLE_NS_ASSERTIONS = NO;
				ENABLE_STRICT_OBJC_MSGSEND = YES;
				GCC_C_LANGUAGE_STANDARD = gnu11;
				GCC_NO_COMMON_BLOCKS = YES;
				GCC_WARN_64_TO_32_BIT_CONVERSION = YES;
				GCC_WARN_ABOUT_RETURN_TYPE = YES_ERROR;
				GCC_WARN_UNDECLARED_SELECTOR = YES;
				GCC_WARN_UNINITIALIZED_AUTOS = YES_AGGRESSIVE;
				GCC_WARN_UNUSED_FUNCTION = YES;
				GCC_WARN_UNUSED_VARIABLE = YES;
				IPHONEOS_DEPLOYMENT_TARGET = 16.2;
				MTL_ENABLE_DEBUG_INFO = NO;
				MTL_FAST_MATH = YES;
				SDKROOT = iphoneos;
				SWIFT_COMPILATION_MODE = wholemodule;
				SWIFT_OPTIMIZATION_LEVEL = "-O";
				VALIDATE_PRODUCT = YES;
			};
			name = Release;
		};
		4853F8E6299C27EC007BE490 /* Debug */ = {
			isa = XCBuildConfiguration;
			buildSettings = {
				ASSETCATALOG_COMPILER_APPICON_NAME = AppIcon;
				ASSETCATALOG_COMPILER_GLOBAL_ACCENT_COLOR_NAME = AccentColor;
				CODE_SIGN_STYLE = Automatic;
				CURRENT_PROJECT_VERSION = 1;
				GENERATE_INFOPLIST_FILE = YES;
				INFOPLIST_FILE = Flixster/Info.plist;
				INFOPLIST_KEY_UIApplicationSupportsIndirectInputEvents = YES;
				INFOPLIST_KEY_UILaunchStoryboardName = LaunchScreen;
				INFOPLIST_KEY_UIMainStoryboardFile = Main;
				INFOPLIST_KEY_UISupportedInterfaceOrientations_iPad = "UIInterfaceOrientationPortrait UIInterfaceOrientationPortraitUpsideDown UIInterfaceOrientationLandscapeLeft UIInterfaceOrientationLandscapeRight";
				INFOPLIST_KEY_UISupportedInterfaceOrientations_iPhone = "UIInterfaceOrientationPortrait UIInterfaceOrientationLandscapeLeft UIInterfaceOrientationLandscapeRight";
				LD_RUNPATH_SEARCH_PATHS = (
					"$(inherited)",
					"@executable_path/Frameworks",
				);
				MARKETING_VERSION = 1.0;
				PRODUCT_BUNDLE_IDENTIFIER = com.rygutierrez.Flixster;
				PRODUCT_NAME = "$(TARGET_NAME)";
				SWIFT_EMIT_LOC_STRINGS = YES;
				SWIFT_VERSION = 5.0;
				TARGETED_DEVICE_FAMILY = "1,2";
			};
			name = Debug;
		};
		4853F8E7299C27EC007BE490 /* Release */ = {
			isa = XCBuildConfiguration;
			buildSettings = {
				ASSETCATALOG_COMPILER_APPICON_NAME = AppIcon;
				ASSETCATALOG_COMPILER_GLOBAL_ACCENT_COLOR_NAME = AccentColor;
				CODE_SIGN_STYLE = Automatic;
				CURRENT_PROJECT_VERSION = 1;
				GENERATE_INFOPLIST_FILE = YES;
				INFOPLIST_FILE = Flixster/Info.plist;
				INFOPLIST_KEY_UIApplicationSupportsIndirectInputEvents = YES;
				INFOPLIST_KEY_UILaunchStoryboardName = LaunchScreen;
				INFOPLIST_KEY_UIMainStoryboardFile = Main;
				INFOPLIST_KEY_UISupportedInterfaceOrientations_iPad = "UIInterfaceOrientationPortrait UIInterfaceOrientationPortraitUpsideDown UIInterfaceOrientationLandscapeLeft UIInterfaceOrientationLandscapeRight";
				INFOPLIST_KEY_UISupportedInterfaceOrientations_iPhone = "UIInterfaceOrientationPortrait UIInterfaceOrientationLandscapeLeft UIInterfaceOrientationLandscapeRight";
				LD_RUNPATH_SEARCH_PATHS = (
					"$(inherited)",
					"@executable_path/Frameworks",
				);
				MARKETING_VERSION = 1.0;
				PRODUCT_BUNDLE_IDENTIFIER = com.rygutierrez.Flixster;
				PRODUCT_NAME = "$(TARGET_NAME)";
				SWIFT_EMIT_LOC_STRINGS = YES;
				SWIFT_VERSION = 5.0;
				TARGETED_DEVICE_FAMILY = "1,2";
			};
			name = Release;
		};
/* End XCBuildConfiguration section */

/* Begin XCConfigurationList section */
		4853F8CC299C27EB007BE490 /* Build configuration list for PBXProject "Flixster" */ = {
			isa = XCConfigurationList;
			buildConfigurations = (
				4853F8E3299C27EC007BE490 /* Debug */,
				4853F8E4299C27EC007BE490 /* Release */,
			);
			defaultConfigurationIsVisible = 0;
			defaultConfigurationName = Release;
		};
		4853F8E5299C27EC007BE490 /* Build configuration list for PBXNativeTarget "Flixster" */ = {
			isa = XCConfigurationList;
			buildConfigurations = (
				4853F8E6299C27EC007BE490 /* Debug */,
				4853F8E7299C27EC007BE490 /* Release */,
			);
			defaultConfigurationIsVisible = 0;
			defaultConfigurationName = Release;
		};
/* End XCConfigurationList section */

/* Begin XCRemoteSwiftPackageReference section */
		4853F8ED299C32D8007BE490 /* XCRemoteSwiftPackageReference "Nuke" */ = {
			isa = XCRemoteSwiftPackageReference;
			repositoryURL = "https://github.com/kean/Nuke.git";
			requirement = {
				kind = upToNextMajorVersion;
				minimumVersion = 9.0.0;
			};
		};
/* End XCRemoteSwiftPackageReference section */

/* Begin XCSwiftPackageProductDependency section */
		4853F8EE299C32D8007BE490 /* Nuke */ = {
			isa = XCSwiftPackageProductDependency;
			package = 4853F8ED299C32D8007BE490 /* XCRemoteSwiftPackageReference "Nuke" */;
			productName = Nuke;
		};
/* End XCSwiftPackageProductDependency section */
	};
	rootObject = 4853F8C9299C27EB007BE490 /* Project object */;
}
